
Microsoft Visual Studio Solution File, Format Version 12.00
# Visual Studio Version 16
VisualStudioVersion = 16.0.29613.14
MinimumVisualStudioVersion = 10.0.40219.1
Project("{8BC9CEB8-8B4A-11D0-8D11-00A0C91BC942}") = "RSA", "RSA.vcxproj", "{FC037204-5627-4896-BEE0-4560901AB524}"
EndProject
Global
	GlobalSection(SolutionConfigurationPlatforms) = preSolution
		Debug|x86 = Debug|x86
		Release|x86 = Release|x86
	EndGlobalSection
	GlobalSection(ProjectConfigurationPlatforms) = postSolution
		{FC037204-5627-4896-BEE0-4560901AB524}.Debug|x86.ActiveCfg = Debug|Win32
		{FC037204-5627-4896-BEE0-4560901AB524}.Debug|x86.Build.0 = Debug|Win32
		{FC037204-5627-4896-BEE0-4560901AB524}.Release|x86.ActiveCfg = Release|Win32
		{FC037204-5627-4896-BEE0-4560901AB524}.Release|x86.Build.0 = Release|Win32
	EndGlobalSection
	GlobalSection(SolutionProperties) = preSolution
		HideSolutionNode = FALSE
	EndGlobalSection
	GlobalSection(ExtensibilityGlobals) = postSolution
		SolutionGuid = {41C30E6A-D29C-4604-BEFF-58203861E0BA}
	EndGlobalSection
EndGlobal
