<?xml version="1.0" encoding="utf-8"?>
<Project ToolsVersion="4.0" xmlns="http://schemas.microsoft.com/developer/msbuild/2003">
  <ItemGroup>
    <Filter Include="Source Files">
      <UniqueIdentifier>{fc6c2b48-f79e-47ef-8c1d-96e2086635ef}</UniqueIdentifier>
      <Extensions>cpp;c;cxx;rc;def;r;odl;hpj;bat;for;f90</Extensions>
    </Filter>
    <Filter Include="Header Files">
      <UniqueIdentifier>{0ba5a73b-dc79-4320-9b80-708c4da7cb99}</UniqueIdentifier>
      <Extensions>h;hpp;hxx;hm;inl;fi;fd</Extensions>
    </Filter>
    <Filter Include="Resource Files">
      <UniqueIdentifier>{826bf2f9-fdf8-4068-af7b-5d8f7bbd520f}</UniqueIdentifier>
      <Extensions>ico;cur;bmp;dlg;rc2;rct;bin;cnt;rtf;gif;jpg;jpeg;jpe</Extensions>
    </Filter>
  </ItemGroup>
  <ItemGroup>
    <ClCompile Include="bitmap.cpp">
      <Filter>Source Files</Filter>
    </ClCompile>
    <ClCompile Include="cpu.cpp">
      <Filter>Source Files</Filter>
    </ClCompile>
    <ClCompile Include="dbg.cpp">
      <Filter>Source Files</Filter>
    </ClCompile>
    <ClCompile Include="dde.cpp">
      <Filter>Source Files</Filter>
    </ClCompile>
    <ClCompile Include="Defend.cpp">
      <Filter>Source Files</Filter>
    </ClCompile>
    <ClCompile Include="dialogs.cpp">
      <Filter>Source Files</Filter>
    </ClCompile>
    <ClCompile Include="DoHide.cpp">
      <Filter>Source Files</Filter>
    </ClCompile>
    <ClCompile Include="GenKey.cpp">
      <Filter>Source Files</Filter>
    </ClCompile>
    <ClCompile Include="Globals.CPP">
      <Filter>Source Files</Filter>
    </ClCompile>
    <ClCompile Include="hotkeys.cpp">
      <Filter>Source Files</Filter>
    </ClCompile>
    <ClCompile Include="hyperl.cpp">
      <Filter>Source Files</Filter>
    </ClCompile>
    <ClCompile Include="IconSel.cpp">
      <Filter>Source Files</Filter>
    </ClCompile>
    <ClCompile Include="language.cpp">
      <Filter>Source Files</Filter>
    </ClCompile>
    <ClCompile Include="menu.cpp">
      <Filter>Source Files</Filter>
    </ClCompile>
    <ClCompile Include="options.cpp">
      <Filter>Source Files</Filter>
    </ClCompile>
    <ClCompile Include="ProgDlg.cpp">
      <Filter>Source Files</Filter>
    </ClCompile>
    <ClCompile Include="ras.cpp">
      <Filter>Source Files</Filter>
    </ClCompile>
    <ClCompile Include="register.cpp">
      <Filter>Source Files</Filter>
    </ClCompile>
    <ClCompile Include="registry.cpp">
      <Filter>Source Files</Filter>
    </ClCompile>
    <ClCompile Include="rsa.cpp">
      <Filter>Source Files</Filter>
    </ClCompile>
    <ClCompile Include="shell.cpp">
      <Filter>Source Files</Filter>
    </ClCompile>
    <ClCompile Include="shellapi.cpp">
      <Filter>Source Files</Filter>
    </ClCompile>
    <ClCompile Include="StdAfx.cpp">
      <Filter>Source Files</Filter>
    </ClCompile>
    <ClCompile Include="Thread.cpp">
      <Filter>Source Files</Filter>
    </ClCompile>
    <ClCompile Include="TrayIconEnum.cpp">
      <Filter>Source Files</Filter>
    </ClCompile>
    <ClCompile Include="WinList.cpp">
      <Filter>Source Files</Filter>
    </ClCompile>
  </ItemGroup>
  <ItemGroup>
    <ResourceCompile Include="DoHide.rc">
      <Filter>Source Files</Filter>
    </ResourceCompile>
  </ItemGroup>
  <ItemGroup>
    <ClInclude Include="bitmap.h">
      <Filter>Header Files</Filter>
    </ClInclude>
    <ClInclude Include="cpu.h">
      <Filter>Header Files</Filter>
    </ClInclude>
    <ClInclude Include="dbg.h">
      <Filter>Header Files</Filter>
    </ClInclude>
    <ClInclude Include="dde.h">
      <Filter>Header Files</Filter>
    </ClInclude>
    <ClInclude Include="defend.h">
      <Filter>Header Files</Filter>
    </ClInclude>
    <ClInclude Include="dialogs.h">
      <Filter>Header Files</Filter>
    </ClInclude>
    <ClInclude Include="DoHide.h">
      <Filter>Header Files</Filter>
    </ClInclude>
    <ClInclude Include="GenKey.h">
      <Filter>Header Files</Filter>
    </ClInclude>
    <ClInclude Include="Globals.H">
      <Filter>Header Files</Filter>
    </ClInclude>
    <ClInclude Include="hotkeys.h">
      <Filter>Header Files</Filter>
    </ClInclude>
    <ClInclude Include="hyperl.h">
      <Filter>Header Files</Filter>
    </ClInclude>
    <ClInclude Include="IconSel.h">
      <Filter>Header Files</Filter>
    </ClInclude>
    <ClInclude Include="language.h">
      <Filter>Header Files</Filter>
    </ClInclude>
    <ClInclude Include="menu.h">
      <Filter>Header Files</Filter>
    </ClInclude>
    <ClInclude Include="options.h">
      <Filter>Header Files</Filter>
    </ClInclude>
    <ClInclude Include="ProgDlg.h">
      <Filter>Header Files</Filter>
    </ClInclude>
    <ClInclude Include="ras.h">
      <Filter>Header Files</Filter>
    </ClInclude>
    <ClInclude Include="register.h">
      <Filter>Header Files</Filter>
    </ClInclude>
    <ClInclude Include="registry.h">
      <Filter>Header Files</Filter>
    </ClInclude>
    <ClInclude Include="resource.h">
      <Filter>Header Files</Filter>
    </ClInclude>
    <ClInclude Include="rsa.h">
      <Filter>Header Files</Filter>
    </ClInclude>
    <ClInclude Include="shell.h">
      <Filter>Header Files</Filter>
    </ClInclude>
    <ClInclude Include="shellapi.h">
      <Filter>Header Files</Filter>
    </ClInclude>
    <ClInclude Include="StdAfx.h">
      <Filter>Header Files</Filter>
    </ClInclude>
    <ClInclude Include="Thread.h">
      <Filter>Header Files</Filter>
    </ClInclude>
    <ClInclude Include="TrayIconEnum.h">
      <Filter>Header Files</Filter>
    </ClInclude>
    <ClInclude Include="WinList.h">
      <Filter>Header Files</Filter>
    </ClInclude>
  </ItemGroup>
  <ItemGroup>
    <Image Include="res\control.ico">
      <Filter>Resource Files</Filter>
    </Image>
    <Image Include="res\cpu.ico">
      <Filter>Resource Files</Filter>
    </Image>
    <Image Include="res\desk.ico">
      <Filter>Resource Files</Filter>
    </Image>
    <Image Include="res\dial.ico">
      <Filter>Resource Files</Filter>
    </Image>
    <Image Include="res\DoHide.ICO">
      <Filter>Resource Files</Filter>
    </Image>
    <Image Include="res\folder.bmp">
      <Filter>Resource Files</Filter>
    </Image>
    <Image Include="res\folder.ico">
      <Filter>Resource Files</Filter>
    </Image>
    <Image Include="res\hotkey.ico">
      <Filter>Resource Files</Filter>
    </Image>
    <Image Include="res\icon2.ico">
      <Filter>Resource Files</Filter>
    </Image>
    <Image Include="res\icon7.ico">
      <Filter>Resource Files</Filter>
    </Image>
    <Image Include="res\iexplore.ico">
      <Filter>Resource Files</Filter>
    </Image>
    <Image Include="res\lamp.ico">
      <Filter>Resource Files</Filter>
    </Image>
    <Image Include="res\lock.ico">
      <Filter>Resource Files</Filter>
    </Image>
    <Image Include="res\logo.bmp">
      <Filter>Resource Files</Filter>
    </Image>
    <Image Include="res\logo1.bmp">
      <Filter>Resource Files</Filter>
    </Image>
    <Image Include="res\logo_16.BMP">
      <Filter>Resource Files</Filter>
    </Image>
    <Image Include="res\options.ico">
      <Filter>Resource Files</Filter>
    </Image>
    <Image Include="res\printers.ico">
      <Filter>Resource Files</Filter>
    </Image>
    <Image Include="res\program.ico">
      <Filter>Resource Files</Filter>
    </Image>
    <Image Include="res\recent.ico">
      <Filter>Resource Files</Filter>
    </Image>
    <Image Include="res\register.ico">
      <Filter>Resource Files</Filter>
    </Image>
    <Image Include="res\target.ico">
      <Filter>Resource Files</Filter>
    </Image>
    <Image Include="res\target1.ico">
      <Filter>Resource Files</Filter>
    </Image>
  </ItemGroup>
  <ItemGroup>
    <None Include="res\hlink.cur">
      <Filter>Resource Files</Filter>
    </None>
    <None Include="res\target.cur">
      <Filter>Resource Files</Filter>
    </None>
  </ItemGroup>
</Project>