<?xml version="1.0" encoding="utf-8"?>
<Project ToolsVersion="4.0" xmlns="http://schemas.microsoft.com/developer/msbuild/2003">
  <ItemGroup>
    <Filter Include="Source Files">
      <UniqueIdentifier>{a7378e89-fb68-493c-b53e-fb94a2cc393d}</UniqueIdentifier>
      <Extensions>cpp;c;cxx;rc;def;r;odl;idl;hpj;bat</Extensions>
    </Filter>
    <Filter Include="Header Files">
      <UniqueIdentifier>{fd0ddc1a-ec4d-4c62-833f-f64f20904e89}</UniqueIdentifier>
      <Extensions>h;hpp;hxx;hm;inl</Extensions>
    </Filter>
    <Filter Include="Resource Files">
      <UniqueIdentifier>{036893a3-8d8d-41aa-a972-785526291746}</UniqueIdentifier>
      <Extensions>ico;cur;bmp;dlg;rc2;rct;bin;rgs;gif;jpg;jpeg;jpe</Extensions>
    </Filter>
  </ItemGroup>
  <ItemGroup>
    <ClCompile Include="DoHideEn.c">
      <Filter>Source Files</Filter>
    </ClCompile>
  </ItemGroup>
  <ItemGroup>
    <ResourceCompile Include="DoHideEn.rc">
      <Filter>Source Files</Filter>
    </ResourceCompile>
  </ItemGroup>
  <ItemGroup>
    <ClInclude Include="resource.h">
      <Filter>Header Files</Filter>
    </ClInclude>
  </ItemGroup>
  <ItemGroup>
    <Image Include="res\dohide.ICO">
      <Filter>Resource Files</Filter>
    </Image>
    <Image Include="res\hotkey.ico">
      <Filter>Resource Files</Filter>
    </Image>
    <Image Include="icon1.ico">
      <Filter>Resource Files</Filter>
    </Image>
    <Image Include="res\lamp.ico">
      <Filter>Resource Files</Filter>
    </Image>
    <Image Include="res\lock.ico">
      <Filter>Resource Files</Filter>
    </Image>
    <Image Include="res\options.ico">
      <Filter>Resource Files</Filter>
    </Image>
    <Image Include="res\program.ico">
      <Filter>Resource Files</Filter>
    </Image>
    <Image Include="res\protect.ico">
      <Filter>Resource Files</Filter>
    </Image>
    <Image Include="res\register.ico">
      <Filter>Resource Files</Filter>
    </Image>
  </ItemGroup>
</Project>